
Microsoft Visual Studio Solution File, Format Version 12.00
# Visual Studio 15
VisualStudioVersion = 15.0.28307.572
MinimumVisualStudioVersion = 10.0.40219.1
Project("{FAE04EC0-301F-11D3-BF4B-00C04F79EFBC}") = "CCFPortal", "CCFPortal\CCFPortal.csproj", "{1890C33D-0701-4204-B5E8-68E062797A0D}"
EndProject
Project("{FAE04EC0-301F-11D3-BF4B-00C04F79EFBC}") = "CCFPortal.Tests", "CCFPortal.Tests\CCFPortal.Tests.csproj", "{EE9514F9-40FC-4C6E-AE0A-A4DFF5905F1B}"
EndProject
Project("{FAE04EC0-301F-11D3-BF4B-00C04F79EFBC}") = "CCFPortal.Services", "CCFPortal.Services\CCFPortal.Services.csproj", "{8CE3834F-8B86-4639-98ED-3D7A7DD34C38}"
EndProject
Project("{FAE04EC0-301F-11D3-BF4B-00C04F79EFBC}") = "CCFPortal.Model", "CCFPortal.Dtos\CCFPortal.Model.csproj", "{D1BA4C53-C4A4-4AE9-81D7-82867F0FA260}"
EndProject
Global
	GlobalSection(SolutionConfigurationPlatforms) = preSolution
		Debug|Any CPU = Debug|Any CPU
		Release|Any CPU = Release|Any CPU
	EndGlobalSection
	GlobalSection(ProjectConfigurationPlatforms) = postSolution
		{1890C33D-0701-4204-B5E8-68E062797A0D}.Debug|Any CPU.ActiveCfg = Debug|Any CPU
		{1890C33D-0701-4204-B5E8-68E062797A0D}.Debug|Any CPU.Build.0 = Debug|Any CPU
		{1890C33D-0701-4204-B5E8-68E062797A0D}.Release|Any CPU.ActiveCfg = Release|Any CPU
		{1890C33D-0701-4204-B5E8-68E062797A0D}.Release|Any CPU.Build.0 = Release|Any CPU
		{EE9514F9-40FC-4C6E-AE0A-A4DFF5905F1B}.Debug|Any CPU.ActiveCfg = Debug|Any CPU
		{EE9514F9-40FC-4C6E-AE0A-A4DFF5905F1B}.Debug|Any CPU.Build.0 = Debug|Any CPU
		{EE9514F9-40FC-4C6E-AE0A-A4DFF5905F1B}.Release|Any CPU.ActiveCfg = Release|Any CPU
		{EE9514F9-40FC-4C6E-AE0A-A4DFF5905F1B}.Release|Any CPU.Build.0 = Release|Any CPU
		{8CE3834F-8B86-4639-98ED-3D7A7DD34C38}.Debug|Any CPU.ActiveCfg = Debug|Any CPU
		{8CE3834F-8B86-4639-98ED-3D7A7DD34C38}.Debug|Any CPU.Build.0 = Debug|Any CPU
		{8CE3834F-8B86-4639-98ED-3D7A7DD34C38}.Release|Any CPU.ActiveCfg = Release|Any CPU
		{8CE3834F-8B86-4639-98ED-3D7A7DD34C38}.Release|Any CPU.Build.0 = Release|Any CPU
		{D1BA4C53-C4A4-4AE9-81D7-82867F0FA260}.Debug|Any CPU.ActiveCfg = Debug|Any CPU
		{D1BA4C53-C4A4-4AE9-81D7-82867F0FA260}.Debug|Any CPU.Build.0 = Debug|Any CPU
		{D1BA4C53-C4A4-4AE9-81D7-82867F0FA260}.Release|Any CPU.ActiveCfg = Release|Any CPU
		{D1BA4C53-C4A4-4AE9-81D7-82867F0FA260}.Release|Any CPU.Build.0 = Release|Any CPU
	EndGlobalSection
	GlobalSection(SolutionProperties) = preSolution
		HideSolutionNode = FALSE
	EndGlobalSection
	GlobalSection(ExtensibilityGlobals) = postSolution
		SolutionGuid = {F636E3D4-1448-4B43-B7C2-331582EB9A07}
	EndGlobalSection
EndGlobal
